
Microsoft Visual Studio Solution File, Format Version 12.00
# Visual Studio 15
VisualStudioVersion = 15.0.27004.2002
MinimumVisualStudioVersion = 10.0.40219.1
Project("{FAE04EC0-301F-11D3-BF4B-00C04F79EFBC}") = "MvcMovie", "MvcMovie\MvcMovie.csproj", "{9DFDFDF6-3F87-44CE-A4FD-443F1E3F38E1}"
EndProject
Global
	GlobalSection(SolutionConfigurationPlatforms) = preSolution
		Debug|Any CPU = Debug|Any CPU
		Release|Any CPU = Release|Any CPU
	EndGlobalSection
	GlobalSection(ProjectConfigurationPlatforms) = postSolution
		{9DFDFDF6-3F87-44CE-A4FD-443F1E3F38E1}.Debug|Any CPU.ActiveCfg = Debug|Any CPU
		{9DFDFDF6-3F87-44CE-A4FD-443F1E3F38E1}.Debug|Any CPU.Build.0 = Debug|Any CPU
		{9DFDFDF6-3F87-44CE-A4FD-443F1E3F38E1}.Release|Any CPU.ActiveCfg = Release|Any CPU
		{9DFDFDF6-3F87-44CE-A4FD-443F1E3F38E1}.Release|Any CPU.Build.0 = Release|Any CPU
	EndGlobalSection
	GlobalSection(SolutionProperties) = preSolution
		HideSolutionNode = FALSE
	EndGlobalSection
	GlobalSection(ExtensibilityGlobals) = postSolution
		SolutionGuid = {CF0E3AE7-6626-4F74-AB1F-454E2EFF8686}
	EndGlobalSection
EndGlobal
